
Microsoft Visual Studio Solution File, Format Version 12.00
# Visual Studio Version 16
VisualStudioVersion = 16.0.28803.202
MinimumVisualStudioVersion = 10.0.40219.1
Project("{FAE04EC0-301F-11D3-BF4B-00C04F79EFBC}") = "chroma-yeelight", "chroma-yeelight.csproj", "{95FBB4E8-AA50-447A-A00A-D77E01B9886E}"
EndProject
Project("{FAE04EC0-301F-11D3-BF4B-00C04F79EFBC}") = "Infrastructure", "Infrastructure\Infrastructure.csproj", "{77781A75-00A9-421E-84B5-F21BCB6FF396}"
EndProject
Project("{FAE04EC0-301F-11D3-BF4B-00C04F79EFBC}") = "Yeelight", "Yeelight\Yeelight.csproj", "{D1C05942-BA9F-4E7E-88E7-DB4692CC8E3B}"
EndProject
Project("{FAE04EC0-301F-11D3-BF4B-00C04F79EFBC}") = "RazerChroma", "RazerChroma\RazerChroma.csproj", "{35DDA3DC-117D-495F-92D4-73DB53D5DE06}"
EndProject
Project("{FAE04EC0-301F-11D3-BF4B-00C04F79EFBC}") = "Aura", "Aura\Aura.csproj", "{B9F38984-C531-4D32-B0D7-C03B52EA5DB2}"
EndProject
Project("{FAE04EC0-301F-11D3-BF4B-00C04F79EFBC}") = "Logitech", "Logitech\Logitech.csproj", "{2710A83D-1ED3-48EB-8E96-3B98E08AAAFE}"
EndProject
Global
	GlobalSection(SolutionConfigurationPlatforms) = preSolution
		Debug|Any CPU = Debug|Any CPU
		Debug|x64 = Debug|x64
		Debug|x86 = Debug|x86
		Release|Any CPU = Release|Any CPU
		Release|x64 = Release|x64
		Release|x86 = Release|x86
	EndGlobalSection
	GlobalSection(ProjectConfigurationPlatforms) = postSolution
		{95FBB4E8-AA50-447A-A00A-D77E01B9886E}.Debug|Any CPU.ActiveCfg = Debug|Any CPU
		{95FBB4E8-AA50-447A-A00A-D77E01B9886E}.Debug|Any CPU.Build.0 = Debug|Any CPU
		{95FBB4E8-AA50-447A-A00A-D77E01B9886E}.Debug|x64.ActiveCfg = Debug|x64
		{95FBB4E8-AA50-447A-A00A-D77E01B9886E}.Debug|x64.Build.0 = Debug|x64
		{95FBB4E8-AA50-447A-A00A-D77E01B9886E}.Debug|x86.ActiveCfg = Debug|x86
		{95FBB4E8-AA50-447A-A00A-D77E01B9886E}.Debug|x86.Build.0 = Debug|x86
		{95FBB4E8-AA50-447A-A00A-D77E01B9886E}.Release|Any CPU.ActiveCfg = Release|Any CPU
		{95FBB4E8-AA50-447A-A00A-D77E01B9886E}.Release|Any CPU.Build.0 = Release|Any CPU
		{95FBB4E8-AA50-447A-A00A-D77E01B9886E}.Release|x64.ActiveCfg = Release|x64
		{95FBB4E8-AA50-447A-A00A-D77E01B9886E}.Release|x64.Build.0 = Release|x64
		{95FBB4E8-AA50-447A-A00A-D77E01B9886E}.Release|x86.ActiveCfg = Release|x86
		{95FBB4E8-AA50-447A-A00A-D77E01B9886E}.Release|x86.Build.0 = Release|x86
		{77781A75-00A9-421E-84B5-F21BCB6FF396}.Debug|Any CPU.ActiveCfg = Debug|Any CPU
		{77781A75-00A9-421E-84B5-F21BCB6FF396}.Debug|Any CPU.Build.0 = Debug|Any CPU
		{77781A75-00A9-421E-84B5-F21BCB6FF396}.Debug|x64.ActiveCfg = Debug|Any CPU
		{77781A75-00A9-421E-84B5-F21BCB6FF396}.Debug|x64.Build.0 = Debug|Any CPU
		{77781A75-00A9-421E-84B5-F21BCB6FF396}.Debug|x86.ActiveCfg = Debug|x86
		{77781A75-00A9-421E-84B5-F21BCB6FF396}.Debug|x86.Build.0 = Debug|x86
		{77781A75-00A9-421E-84B5-F21BCB6FF396}.Release|Any CPU.ActiveCfg = Release|Any CPU
		{77781A75-00A9-421E-84B5-F21BCB6FF396}.Release|Any CPU.Build.0 = Release|Any CPU
		{77781A75-00A9-421E-84B5-F21BCB6FF396}.Release|x64.ActiveCfg = Release|Any CPU
		{77781A75-00A9-421E-84B5-F21BCB6FF396}.Release|x64.Build.0 = Release|Any CPU
		{77781A75-00A9-421E-84B5-F21BCB6FF396}.Release|x86.ActiveCfg = Release|x86
		{77781A75-00A9-421E-84B5-F21BCB6FF396}.Release|x86.Build.0 = Release|x86
		{D1C05942-BA9F-4E7E-88E7-DB4692CC8E3B}.Debug|Any CPU.ActiveCfg = Debug|Any CPU
		{D1C05942-BA9F-4E7E-88E7-DB4692CC8E3B}.Debug|Any CPU.Build.0 = Debug|Any CPU
		{D1C05942-BA9F-4E7E-88E7-DB4692CC8E3B}.Debug|x64.ActiveCfg = Debug|Any CPU
		{D1C05942-BA9F-4E7E-88E7-DB4692CC8E3B}.Debug|x64.Build.0 = Debug|Any CPU
		{D1C05942-BA9F-4E7E-88E7-DB4692CC8E3B}.Debug|x86.ActiveCfg = Debug|x86
		{D1C05942-BA9F-4E7E-88E7-DB4692CC8E3B}.Debug|x86.Build.0 = Debug|x86
		{D1C05942-BA9F-4E7E-88E7-DB4692CC8E3B}.Release|Any CPU.ActiveCfg = Release|Any CPU
		{D1C05942-BA9F-4E7E-88E7-DB4692CC8E3B}.Release|Any CPU.Build.0 = Release|Any CPU
		{D1C05942-BA9F-4E7E-88E7-DB4692CC8E3B}.Release|x64.ActiveCfg = Release|Any CPU
		{D1C05942-BA9F-4E7E-88E7-DB4692CC8E3B}.Release|x64.Build.0 = Release|Any CPU
		{D1C05942-BA9F-4E7E-88E7-DB4692CC8E3B}.Release|x86.ActiveCfg = Release|x86
		{D1C05942-BA9F-4E7E-88E7-DB4692CC8E3B}.Release|x86.Build.0 = Release|x86
		{35DDA3DC-117D-495F-92D4-73DB53D5DE06}.Debug|Any CPU.ActiveCfg = Debug|Any CPU
		{35DDA3DC-117D-495F-92D4-73DB53D5DE06}.Debug|Any CPU.Build.0 = Debug|Any CPU
		{35DDA3DC-117D-495F-92D4-73DB53D5DE06}.Debug|x64.ActiveCfg = Debug|Any CPU
		{35DDA3DC-117D-495F-92D4-73DB53D5DE06}.Debug|x64.Build.0 = Debug|Any CPU
		{35DDA3DC-117D-495F-92D4-73DB53D5DE06}.Debug|x86.ActiveCfg = Debug|x86
		{35DDA3DC-117D-495F-92D4-73DB53D5DE06}.Debug|x86.Build.0 = Debug|x86
		{35DDA3DC-117D-495F-92D4-73DB53D5DE06}.Release|Any CPU.ActiveCfg = Release|Any CPU
		{35DDA3DC-117D-495F-92D4-73DB53D5DE06}.Release|Any CPU.Build.0 = Release|Any CPU
		{35DDA3DC-117D-495F-92D4-73DB53D5DE06}.Release|x64.ActiveCfg = Release|Any CPU
		{35DDA3DC-117D-495F-92D4-73DB53D5DE06}.Release|x64.Build.0 = Release|Any CPU
		{35DDA3DC-117D-495F-92D4-73DB53D5DE06}.Release|x86.ActiveCfg = Release|x86
		{35DDA3DC-117D-495F-92D4-73DB53D5DE06}.Release|x86.Build.0 = Release|x86
		{B9F38984-C531-4D32-B0D7-C03B52EA5DB2}.Debug|Any CPU.ActiveCfg = Debug|Any CPU
		{B9F38984-C531-4D32-B0D7-C03B52EA5DB2}.Debug|Any CPU.Build.0 = Debug|Any CPU
		{B9F38984-C531-4D32-B0D7-C03B52EA5DB2}.Debug|x64.ActiveCfg = Debug|Any CPU
		{B9F38984-C531-4D32-B0D7-C03B52EA5DB2}.Debug|x64.Build.0 = Debug|Any CPU
		{B9F38984-C531-4D32-B0D7-C03B52EA5DB2}.Debug|x86.ActiveCfg = Debug|x86
		{B9F38984-C531-4D32-B0D7-C03B52EA5DB2}.Debug|x86.Build.0 = Debug|x86
		{B9F38984-C531-4D32-B0D7-C03B52EA5DB2}.Release|Any CPU.ActiveCfg = Release|Any CPU
		{B9F38984-C531-4D32-B0D7-C03B52EA5DB2}.Release|Any CPU.Build.0 = Release|Any CPU
		{B9F38984-C531-4D32-B0D7-C03B52EA5DB2}.Release|x64.ActiveCfg = Release|Any CPU
		{B9F38984-C531-4D32-B0D7-C03B52EA5DB2}.Release|x64.Build.0 = Release|Any CPU
		{B9F38984-C531-4D32-B0D7-C03B52EA5DB2}.Release|x86.ActiveCfg = Release|x86
		{B9F38984-C531-4D32-B0D7-C03B52EA5DB2}.Release|x86.Build.0 = Release|x86
		{2710A83D-1ED3-48EB-8E96-3B98E08AAAFE}.Debug|Any CPU.ActiveCfg = Debug|Any CPU
		{2710A83D-1ED3-48EB-8E96-3B98E08AAAFE}.Debug|Any CPU.Build.0 = Debug|Any CPU
		{2710A83D-1ED3-48EB-8E96-3B98E08AAAFE}.Debug|x64.ActiveCfg = Debug|Any CPU
		{2710A83D-1ED3-48EB-8E96-3B98E08AAAFE}.Debug|x64.Build.0 = Debug|Any CPU
		{2710A83D-1ED3-48EB-8E96-3B98E08AAAFE}.Debug|x86.ActiveCfg = Debug|Any CPU
		{2710A83D-1ED3-48EB-8E96-3B98E08AAAFE}.Debug|x86.Build.0 = Debug|Any CPU
		{2710A83D-1ED3-48EB-8E96-3B98E08AAAFE}.Release|Any CPU.ActiveCfg = Release|Any CPU
		{2710A83D-1ED3-48EB-8E96-3B98E08AAAFE}.Release|Any CPU.Build.0 = Release|Any CPU
		{2710A83D-1ED3-48EB-8E96-3B98E08AAAFE}.Release|x64.ActiveCfg = Release|Any CPU
		{2710A83D-1ED3-48EB-8E96-3B98E08AAAFE}.Release|x64.Build.0 = Release|Any CPU
		{2710A83D-1ED3-48EB-8E96-3B98E08AAAFE}.Release|x86.ActiveCfg = Release|Any CPU
		{2710A83D-1ED3-48EB-8E96-3B98E08AAAFE}.Release|x86.Build.0 = Release|Any CPU
	EndGlobalSection
	GlobalSection(SolutionProperties) = preSolution
		HideSolutionNode = FALSE
	EndGlobalSection
	GlobalSection(ExtensibilityGlobals) = postSolution
		SolutionGuid = {F4D2F2B5-6EA7-4349-8A6A-78E424CD6A87}
	EndGlobalSection
EndGlobal
