
Microsoft Visual Studio Solution File, Format Version 12.00
# Visual Studio Version 16
VisualStudioVersion = 16.0.30114.105
MinimumVisualStudioVersion = 10.0.40219.1
Project("{9A19103F-16F7-4668-BE54-9A1E7A4F7556}") = "Yeelight", "Yeelight\Yeelight.csproj", "{1926C963-12DA-4B52-8056-DF5F36E5B672}"
EndProject
Project("{9A19103F-16F7-4668-BE54-9A1E7A4F7556}") = "Aura", "Aura\Aura.csproj", "{B7A90F80-4243-477D-9ABA-5AA899E0BCA5}"
EndProject
Project("{9A19103F-16F7-4668-BE54-9A1E7A4F7556}") = "Corsair", "Corsair\Corsair.csproj", "{124D9724-336B-4B88-AC9A-A9A49C4A9468}"
EndProject
Project("{9A19103F-16F7-4668-BE54-9A1E7A4F7556}") = "Logitech", "Logitech\Logitech.csproj", "{5B14F463-0537-4886-B2F2-F4119443CB23}"
EndProject
Project("{9A19103F-16F7-4668-BE54-9A1E7A4F7556}") = "MagicHome", "MagicHome\MagicHome.csproj", "{8B38A933-1EC0-4295-9BF4-E9F8782DABA5}"
EndProject
Project("{9A19103F-16F7-4668-BE54-9A1E7A4F7556}") = "Msi", "Msi\Msi.csproj", "{CFCC5653-2473-4FCD-AC39-D4BCB31801BF}"
EndProject
Project("{9A19103F-16F7-4668-BE54-9A1E7A4F7556}") = "RazerChroma", "RazerChroma\RazerChroma.csproj", "{E1B21CDE-5C8A-4F87-976F-06DE423E3276}"
EndProject
Project("{9A19103F-16F7-4668-BE54-9A1E7A4F7556}") = "RGBMasterWPFRunner", "RGBMasterWPFRunner\RGBMasterWPFRunner.csproj", "{6E426EA1-1857-4C70-877A-71B289896054}"
EndProject
Project("{FAE04EC0-301F-11D3-BF4B-00C04F79EFBC}") = "RGBMasterUWPHost", "RGBMasterUWPHost\RGBMasterUWPHost.csproj", "{C551CD0B-D981-4AF4-8B6B-9E1F2DE36B84}"
EndProject
Project("{FAE04EC0-301F-11D3-BF4B-00C04F79EFBC}") = "RGBMasterUWPApp", "RGBMasterUWPApp\RGBMasterUWPApp.csproj", "{D3956872-64CF-490D-AE0D-8FC84A93A15E}"
EndProject
Project("{C7167F0D-BC9F-4E6E-AFE1-012C56B48DB5}") = "RGBMasterWap", "RGBMasterWap\RGBMasterWap.wapproj", "{334BBF95-EB3C-4B93-8157-86D6E3100B83}"
EndProject
Project("{9A19103F-16F7-4668-BE54-9A1E7A4F7556}") = "AppExecutionManager", "AppExecutionManager\AppExecutionManager.csproj", "{C1B98913-67D7-455F-A837-5E312FCE773C}"
EndProject
Project("{9A19103F-16F7-4668-BE54-9A1E7A4F7556}") = "Common", "Common\Common.csproj", "{043D9F41-3261-453B-BCB9-E6921B67E4B5}"
EndProject
Project("{9A19103F-16F7-4668-BE54-9A1E7A4F7556}") = "Utils", "Utils\Utils.csproj", "{E9D5574F-DD24-4DC1-9993-673CD9AACE84}"
EndProject
Project("{9A19103F-16F7-4668-BE54-9A1E7A4F7556}") = "Provider", "Provider\Provider.csproj", "{0BAA774B-689C-404D-96A4-79D052722B18}"
EndProject
Project("{9A19103F-16F7-4668-BE54-9A1E7A4F7556}") = "EffectsExecution", "EffectsExecution\EffectsExecution.csproj", "{C3B03684-206C-4ABA-98BA-41A070DB2AA6}"
EndProject
Project("{C7167F0D-BC9F-4E6E-AFE1-012C56B48DB5}") = "RGBMasterPackager", "RGBMasterPackager\RGBMasterPackager.wapproj", "{CC18DDAF-63AE-4EA0-847A-A0862097A5E5}"
EndProject
Global
	GlobalSection(SolutionConfigurationPlatforms) = preSolution
		Debug|Any CPU = Debug|Any CPU
		Debug|ARM = Debug|ARM
		Debug|ARM64 = Debug|ARM64
		Debug|x64 = Debug|x64
		Debug|x86 = Debug|x86
		Release|Any CPU = Release|Any CPU
		Release|ARM = Release|ARM
		Release|ARM64 = Release|ARM64
		Release|x64 = Release|x64
		Release|x86 = Release|x86
	EndGlobalSection
	GlobalSection(ProjectConfigurationPlatforms) = postSolution
		{1926C963-12DA-4B52-8056-DF5F36E5B672}.Debug|Any CPU.ActiveCfg = Debug|Any CPU
		{1926C963-12DA-4B52-8056-DF5F36E5B672}.Debug|Any CPU.Build.0 = Debug|Any CPU
		{1926C963-12DA-4B52-8056-DF5F36E5B672}.Debug|ARM.ActiveCfg = Debug|Any CPU
		{1926C963-12DA-4B52-8056-DF5F36E5B672}.Debug|ARM.Build.0 = Debug|Any CPU
		{1926C963-12DA-4B52-8056-DF5F36E5B672}.Debug|ARM64.ActiveCfg = Debug|Any CPU
		{1926C963-12DA-4B52-8056-DF5F36E5B672}.Debug|ARM64.Build.0 = Debug|Any CPU
		{1926C963-12DA-4B52-8056-DF5F36E5B672}.Debug|x64.ActiveCfg = Debug|Any CPU
		{1926C963-12DA-4B52-8056-DF5F36E5B672}.Debug|x64.Build.0 = Debug|Any CPU
		{1926C963-12DA-4B52-8056-DF5F36E5B672}.Debug|x86.ActiveCfg = Debug|Any CPU
		{1926C963-12DA-4B52-8056-DF5F36E5B672}.Debug|x86.Build.0 = Debug|Any CPU
		{1926C963-12DA-4B52-8056-DF5F36E5B672}.Release|Any CPU.ActiveCfg = Release|Any CPU
		{1926C963-12DA-4B52-8056-DF5F36E5B672}.Release|Any CPU.Build.0 = Release|Any CPU
		{1926C963-12DA-4B52-8056-DF5F36E5B672}.Release|ARM.ActiveCfg = Release|Any CPU
		{1926C963-12DA-4B52-8056-DF5F36E5B672}.Release|ARM.Build.0 = Release|Any CPU
		{1926C963-12DA-4B52-8056-DF5F36E5B672}.Release|ARM64.ActiveCfg = Release|Any CPU
		{1926C963-12DA-4B52-8056-DF5F36E5B672}.Release|ARM64.Build.0 = Release|Any CPU
		{1926C963-12DA-4B52-8056-DF5F36E5B672}.Release|x64.ActiveCfg = Release|Any CPU
		{1926C963-12DA-4B52-8056-DF5F36E5B672}.Release|x64.Build.0 = Release|Any CPU
		{1926C963-12DA-4B52-8056-DF5F36E5B672}.Release|x86.ActiveCfg = Release|Any CPU
		{1926C963-12DA-4B52-8056-DF5F36E5B672}.Release|x86.Build.0 = Release|Any CPU
		{B7A90F80-4243-477D-9ABA-5AA899E0BCA5}.Debug|Any CPU.ActiveCfg = Debug|Any CPU
		{B7A90F80-4243-477D-9ABA-5AA899E0BCA5}.Debug|Any CPU.Build.0 = Debug|Any CPU
		{B7A90F80-4243-477D-9ABA-5AA899E0BCA5}.Debug|ARM.ActiveCfg = Debug|Any CPU
		{B7A90F80-4243-477D-9ABA-5AA899E0BCA5}.Debug|ARM.Build.0 = Debug|Any CPU
		{B7A90F80-4243-477D-9ABA-5AA899E0BCA5}.Debug|ARM64.ActiveCfg = Debug|Any CPU
		{B7A90F80-4243-477D-9ABA-5AA899E0BCA5}.Debug|ARM64.Build.0 = Debug|Any CPU
		{B7A90F80-4243-477D-9ABA-5AA899E0BCA5}.Debug|x64.ActiveCfg = Debug|Any CPU
		{B7A90F80-4243-477D-9ABA-5AA899E0BCA5}.Debug|x64.Build.0 = Debug|Any CPU
		{B7A90F80-4243-477D-9ABA-5AA899E0BCA5}.Debug|x86.ActiveCfg = Debug|Any CPU
		{B7A90F80-4243-477D-9ABA-5AA899E0BCA5}.Debug|x86.Build.0 = Debug|Any CPU
		{B7A90F80-4243-477D-9ABA-5AA899E0BCA5}.Release|Any CPU.ActiveCfg = Release|Any CPU
		{B7A90F80-4243-477D-9ABA-5AA899E0BCA5}.Release|Any CPU.Build.0 = Release|Any CPU
		{B7A90F80-4243-477D-9ABA-5AA899E0BCA5}.Release|ARM.ActiveCfg = Release|Any CPU
		{B7A90F80-4243-477D-9ABA-5AA899E0BCA5}.Release|ARM.Build.0 = Release|Any CPU
		{B7A90F80-4243-477D-9ABA-5AA899E0BCA5}.Release|ARM64.ActiveCfg = Release|Any CPU
		{B7A90F80-4243-477D-9ABA-5AA899E0BCA5}.Release|ARM64.Build.0 = Release|Any CPU
		{B7A90F80-4243-477D-9ABA-5AA899E0BCA5}.Release|x64.ActiveCfg = Release|Any CPU
		{B7A90F80-4243-477D-9ABA-5AA899E0BCA5}.Release|x64.Build.0 = Release|Any CPU
		{B7A90F80-4243-477D-9ABA-5AA899E0BCA5}.Release|x86.ActiveCfg = Release|Any CPU
		{B7A90F80-4243-477D-9ABA-5AA899E0BCA5}.Release|x86.Build.0 = Release|Any CPU
		{124D9724-336B-4B88-AC9A-A9A49C4A9468}.Debug|Any CPU.ActiveCfg = Debug|Any CPU
		{124D9724-336B-4B88-AC9A-A9A49C4A9468}.Debug|Any CPU.Build.0 = Debug|Any CPU
		{124D9724-336B-4B88-AC9A-A9A49C4A9468}.Debug|ARM.ActiveCfg = Debug|Any CPU
		{124D9724-336B-4B88-AC9A-A9A49C4A9468}.Debug|ARM.Build.0 = Debug|Any CPU
		{124D9724-336B-4B88-AC9A-A9A49C4A9468}.Debug|ARM64.ActiveCfg = Debug|Any CPU
		{124D9724-336B-4B88-AC9A-A9A49C4A9468}.Debug|ARM64.Build.0 = Debug|Any CPU
		{124D9724-336B-4B88-AC9A-A9A49C4A9468}.Debug|x64.ActiveCfg = Debug|Any CPU
		{124D9724-336B-4B88-AC9A-A9A49C4A9468}.Debug|x64.Build.0 = Debug|Any CPU
		{124D9724-336B-4B88-AC9A-A9A49C4A9468}.Debug|x86.ActiveCfg = Debug|Any CPU
		{124D9724-336B-4B88-AC9A-A9A49C4A9468}.Debug|x86.Build.0 = Debug|Any CPU
		{124D9724-336B-4B88-AC9A-A9A49C4A9468}.Release|Any CPU.ActiveCfg = Release|Any CPU
		{124D9724-336B-4B88-AC9A-A9A49C4A9468}.Release|Any CPU.Build.0 = Release|Any CPU
		{124D9724-336B-4B88-AC9A-A9A49C4A9468}.Release|ARM.ActiveCfg = Release|Any CPU
		{124D9724-336B-4B88-AC9A-A9A49C4A9468}.Release|ARM.Build.0 = Release|Any CPU
		{124D9724-336B-4B88-AC9A-A9A49C4A9468}.Release|ARM64.ActiveCfg = Release|Any CPU
		{124D9724-336B-4B88-AC9A-A9A49C4A9468}.Release|ARM64.Build.0 = Release|Any CPU
		{124D9724-336B-4B88-AC9A-A9A49C4A9468}.Release|x64.ActiveCfg = Release|Any CPU
		{124D9724-336B-4B88-AC9A-A9A49C4A9468}.Release|x64.Build.0 = Release|Any CPU
		{124D9724-336B-4B88-AC9A-A9A49C4A9468}.Release|x86.ActiveCfg = Release|Any CPU
		{124D9724-336B-4B88-AC9A-A9A49C4A9468}.Release|x86.Build.0 = Release|Any CPU
		{5B14F463-0537-4886-B2F2-F4119443CB23}.Debug|Any CPU.ActiveCfg = Debug|Any CPU
		{5B14F463-0537-4886-B2F2-F4119443CB23}.Debug|Any CPU.Build.0 = Debug|Any CPU
		{5B14F463-0537-4886-B2F2-F4119443CB23}.Debug|ARM.ActiveCfg = Debug|Any CPU
		{5B14F463-0537-4886-B2F2-F4119443CB23}.Debug|ARM.Build.0 = Debug|Any CPU
		{5B14F463-0537-4886-B2F2-F4119443CB23}.Debug|ARM64.ActiveCfg = Debug|Any CPU
		{5B14F463-0537-4886-B2F2-F4119443CB23}.Debug|ARM64.Build.0 = Debug|Any CPU
		{5B14F463-0537-4886-B2F2-F4119443CB23}.Debug|x64.ActiveCfg = Debug|Any CPU
		{5B14F463-0537-4886-B2F2-F4119443CB23}.Debug|x64.Build.0 = Debug|Any CPU
		{5B14F463-0537-4886-B2F2-F4119443CB23}.Debug|x86.ActiveCfg = Debug|Any CPU
		{5B14F463-0537-4886-B2F2-F4119443CB23}.Debug|x86.Build.0 = Debug|Any CPU
		{5B14F463-0537-4886-B2F2-F4119443CB23}.Release|Any CPU.ActiveCfg = Release|Any CPU
		{5B14F463-0537-4886-B2F2-F4119443CB23}.Release|Any CPU.Build.0 = Release|Any CPU
		{5B14F463-0537-4886-B2F2-F4119443CB23}.Release|ARM.ActiveCfg = Release|Any CPU
		{5B14F463-0537-4886-B2F2-F4119443CB23}.Release|ARM.Build.0 = Release|Any CPU
		{5B14F463-0537-4886-B2F2-F4119443CB23}.Release|ARM64.ActiveCfg = Release|Any CPU
		{5B14F463-0537-4886-B2F2-F4119443CB23}.Release|ARM64.Build.0 = Release|Any CPU
		{5B14F463-0537-4886-B2F2-F4119443CB23}.Release|x64.ActiveCfg = Release|Any CPU
		{5B14F463-0537-4886-B2F2-F4119443CB23}.Release|x64.Build.0 = Release|Any CPU
		{5B14F463-0537-4886-B2F2-F4119443CB23}.Release|x86.ActiveCfg = Release|Any CPU
		{5B14F463-0537-4886-B2F2-F4119443CB23}.Release|x86.Build.0 = Release|Any CPU
		{8B38A933-1EC0-4295-9BF4-E9F8782DABA5}.Debug|Any CPU.ActiveCfg = Debug|Any CPU
		{8B38A933-1EC0-4295-9BF4-E9F8782DABA5}.Debug|Any CPU.Build.0 = Debug|Any CPU
		{8B38A933-1EC0-4295-9BF4-E9F8782DABA5}.Debug|ARM.ActiveCfg = Debug|Any CPU
		{8B38A933-1EC0-4295-9BF4-E9F8782DABA5}.Debug|ARM.Build.0 = Debug|Any CPU
		{8B38A933-1EC0-4295-9BF4-E9F8782DABA5}.Debug|ARM64.ActiveCfg = Debug|Any CPU
		{8B38A933-1EC0-4295-9BF4-E9F8782DABA5}.Debug|ARM64.Build.0 = Debug|Any CPU
		{8B38A933-1EC0-4295-9BF4-E9F8782DABA5}.Debug|x64.ActiveCfg = Debug|Any CPU
		{8B38A933-1EC0-4295-9BF4-E9F8782DABA5}.Debug|x64.Build.0 = Debug|Any CPU
		{8B38A933-1EC0-4295-9BF4-E9F8782DABA5}.Debug|x86.ActiveCfg = Debug|Any CPU
		{8B38A933-1EC0-4295-9BF4-E9F8782DABA5}.Debug|x86.Build.0 = Debug|Any CPU
		{8B38A933-1EC0-4295-9BF4-E9F8782DABA5}.Release|Any CPU.ActiveCfg = Release|Any CPU
		{8B38A933-1EC0-4295-9BF4-E9F8782DABA5}.Release|Any CPU.Build.0 = Release|Any CPU
		{8B38A933-1EC0-4295-9BF4-E9F8782DABA5}.Release|ARM.ActiveCfg = Release|Any CPU
		{8B38A933-1EC0-4295-9BF4-E9F8782DABA5}.Release|ARM.Build.0 = Release|Any CPU
		{8B38A933-1EC0-4295-9BF4-E9F8782DABA5}.Release|ARM64.ActiveCfg = Release|Any CPU
		{8B38A933-1EC0-4295-9BF4-E9F8782DABA5}.Release|ARM64.Build.0 = Release|Any CPU
		{8B38A933-1EC0-4295-9BF4-E9F8782DABA5}.Release|x64.ActiveCfg = Release|Any CPU
		{8B38A933-1EC0-4295-9BF4-E9F8782DABA5}.Release|x64.Build.0 = Release|Any CPU
		{8B38A933-1EC0-4295-9BF4-E9F8782DABA5}.Release|x86.ActiveCfg = Release|Any CPU
		{8B38A933-1EC0-4295-9BF4-E9F8782DABA5}.Release|x86.Build.0 = Release|Any CPU
		{CFCC5653-2473-4FCD-AC39-D4BCB31801BF}.Debug|Any CPU.ActiveCfg = Debug|Any CPU
		{CFCC5653-2473-4FCD-AC39-D4BCB31801BF}.Debug|Any CPU.Build.0 = Debug|Any CPU
		{CFCC5653-2473-4FCD-AC39-D4BCB31801BF}.Debug|ARM.ActiveCfg = Debug|Any CPU
		{CFCC5653-2473-4FCD-AC39-D4BCB31801BF}.Debug|ARM.Build.0 = Debug|Any CPU
		{CFCC5653-2473-4FCD-AC39-D4BCB31801BF}.Debug|ARM64.ActiveCfg = Debug|Any CPU
		{CFCC5653-2473-4FCD-AC39-D4BCB31801BF}.Debug|ARM64.Build.0 = Debug|Any CPU
		{CFCC5653-2473-4FCD-AC39-D4BCB31801BF}.Debug|x64.ActiveCfg = Debug|Any CPU
		{CFCC5653-2473-4FCD-AC39-D4BCB31801BF}.Debug|x64.Build.0 = Debug|Any CPU
		{CFCC5653-2473-4FCD-AC39-D4BCB31801BF}.Debug|x86.ActiveCfg = Debug|Any CPU
		{CFCC5653-2473-4FCD-AC39-D4BCB31801BF}.Debug|x86.Build.0 = Debug|Any CPU
		{CFCC5653-2473-4FCD-AC39-D4BCB31801BF}.Release|Any CPU.ActiveCfg = Release|Any CPU
		{CFCC5653-2473-4FCD-AC39-D4BCB31801BF}.Release|Any CPU.Build.0 = Release|Any CPU
		{CFCC5653-2473-4FCD-AC39-D4BCB31801BF}.Release|ARM.ActiveCfg = Release|Any CPU
		{CFCC5653-2473-4FCD-AC39-D4BCB31801BF}.Release|ARM.Build.0 = Release|Any CPU
		{CFCC5653-2473-4FCD-AC39-D4BCB31801BF}.Release|ARM64.ActiveCfg = Release|Any CPU
		{CFCC5653-2473-4FCD-AC39-D4BCB31801BF}.Release|ARM64.Build.0 = Release|Any CPU
		{CFCC5653-2473-4FCD-AC39-D4BCB31801BF}.Release|x64.ActiveCfg = Release|Any CPU
		{CFCC5653-2473-4FCD-AC39-D4BCB31801BF}.Release|x64.Build.0 = Release|Any CPU
		{CFCC5653-2473-4FCD-AC39-D4BCB31801BF}.Release|x86.ActiveCfg = Release|Any CPU
		{CFCC5653-2473-4FCD-AC39-D4BCB31801BF}.Release|x86.Build.0 = Release|Any CPU
		{E1B21CDE-5C8A-4F87-976F-06DE423E3276}.Debug|Any CPU.ActiveCfg = Debug|Any CPU
		{E1B21CDE-5C8A-4F87-976F-06DE423E3276}.Debug|Any CPU.Build.0 = Debug|Any CPU
		{E1B21CDE-5C8A-4F87-976F-06DE423E3276}.Debug|ARM.ActiveCfg = Debug|Any CPU
		{E1B21CDE-5C8A-4F87-976F-06DE423E3276}.Debug|ARM.Build.0 = Debug|Any CPU
		{E1B21CDE-5C8A-4F87-976F-06DE423E3276}.Debug|ARM64.ActiveCfg = Debug|Any CPU
		{E1B21CDE-5C8A-4F87-976F-06DE423E3276}.Debug|ARM64.Build.0 = Debug|Any CPU
		{E1B21CDE-5C8A-4F87-976F-06DE423E3276}.Debug|x64.ActiveCfg = Debug|Any CPU
		{E1B21CDE-5C8A-4F87-976F-06DE423E3276}.Debug|x64.Build.0 = Debug|Any CPU
		{E1B21CDE-5C8A-4F87-976F-06DE423E3276}.Debug|x86.ActiveCfg = Debug|Any CPU
		{E1B21CDE-5C8A-4F87-976F-06DE423E3276}.Debug|x86.Build.0 = Debug|Any CPU
		{E1B21CDE-5C8A-4F87-976F-06DE423E3276}.Release|Any CPU.ActiveCfg = Release|Any CPU
		{E1B21CDE-5C8A-4F87-976F-06DE423E3276}.Release|Any CPU.Build.0 = Release|Any CPU
		{E1B21CDE-5C8A-4F87-976F-06DE423E3276}.Release|ARM.ActiveCfg = Release|Any CPU
		{E1B21CDE-5C8A-4F87-976F-06DE423E3276}.Release|ARM.Build.0 = Release|Any CPU
		{E1B21CDE-5C8A-4F87-976F-06DE423E3276}.Release|ARM64.ActiveCfg = Release|Any CPU
		{E1B21CDE-5C8A-4F87-976F-06DE423E3276}.Release|ARM64.Build.0 = Release|Any CPU
		{E1B21CDE-5C8A-4F87-976F-06DE423E3276}.Release|x64.ActiveCfg = Release|Any CPU
		{E1B21CDE-5C8A-4F87-976F-06DE423E3276}.Release|x64.Build.0 = Release|Any CPU
		{E1B21CDE-5C8A-4F87-976F-06DE423E3276}.Release|x86.ActiveCfg = Release|Any CPU
		{E1B21CDE-5C8A-4F87-976F-06DE423E3276}.Release|x86.Build.0 = Release|Any CPU
		{6E426EA1-1857-4C70-877A-71B289896054}.Debug|Any CPU.ActiveCfg = Debug|Any CPU
		{6E426EA1-1857-4C70-877A-71B289896054}.Debug|Any CPU.Build.0 = Debug|Any CPU
		{6E426EA1-1857-4C70-877A-71B289896054}.Debug|ARM.ActiveCfg = Debug|Any CPU
		{6E426EA1-1857-4C70-877A-71B289896054}.Debug|ARM.Build.0 = Debug|Any CPU
		{6E426EA1-1857-4C70-877A-71B289896054}.Debug|ARM64.ActiveCfg = Debug|Any CPU
		{6E426EA1-1857-4C70-877A-71B289896054}.Debug|ARM64.Build.0 = Debug|Any CPU
		{6E426EA1-1857-4C70-877A-71B289896054}.Debug|x64.ActiveCfg = Debug|x64
		{6E426EA1-1857-4C70-877A-71B289896054}.Debug|x64.Build.0 = Debug|x64
		{6E426EA1-1857-4C70-877A-71B289896054}.Debug|x86.ActiveCfg = Debug|x86
		{6E426EA1-1857-4C70-877A-71B289896054}.Debug|x86.Build.0 = Debug|x86
		{6E426EA1-1857-4C70-877A-71B289896054}.Release|Any CPU.ActiveCfg = Release|Any CPU
		{6E426EA1-1857-4C70-877A-71B289896054}.Release|Any CPU.Build.0 = Release|Any CPU
		{6E426EA1-1857-4C70-877A-71B289896054}.Release|ARM.ActiveCfg = Release|Any CPU
		{6E426EA1-1857-4C70-877A-71B289896054}.Release|ARM.Build.0 = Release|Any CPU
		{6E426EA1-1857-4C70-877A-71B289896054}.Release|ARM64.ActiveCfg = Release|Any CPU
		{6E426EA1-1857-4C70-877A-71B289896054}.Release|ARM64.Build.0 = Release|Any CPU
		{6E426EA1-1857-4C70-877A-71B289896054}.Release|x64.ActiveCfg = Release|x64
		{6E426EA1-1857-4C70-877A-71B289896054}.Release|x64.Build.0 = Release|x64
		{6E426EA1-1857-4C70-877A-71B289896054}.Release|x86.ActiveCfg = Release|x86
		{6E426EA1-1857-4C70-877A-71B289896054}.Release|x86.Build.0 = Release|x86
		{C551CD0B-D981-4AF4-8B6B-9E1F2DE36B84}.Debug|Any CPU.ActiveCfg = Debug|x86
		{C551CD0B-D981-4AF4-8B6B-9E1F2DE36B84}.Debug|ARM.ActiveCfg = Debug|ARM
		{C551CD0B-D981-4AF4-8B6B-9E1F2DE36B84}.Debug|ARM.Build.0 = Debug|ARM
		{C551CD0B-D981-4AF4-8B6B-9E1F2DE36B84}.Debug|ARM.Deploy.0 = Debug|ARM
		{C551CD0B-D981-4AF4-8B6B-9E1F2DE36B84}.Debug|ARM64.ActiveCfg = Debug|ARM64
		{C551CD0B-D981-4AF4-8B6B-9E1F2DE36B84}.Debug|ARM64.Build.0 = Debug|ARM64
		{C551CD0B-D981-4AF4-8B6B-9E1F2DE36B84}.Debug|ARM64.Deploy.0 = Debug|ARM64
		{C551CD0B-D981-4AF4-8B6B-9E1F2DE36B84}.Debug|x64.ActiveCfg = Debug|x64
		{C551CD0B-D981-4AF4-8B6B-9E1F2DE36B84}.Debug|x64.Build.0 = Debug|x64
		{C551CD0B-D981-4AF4-8B6B-9E1F2DE36B84}.Debug|x64.Deploy.0 = Debug|x64
		{C551CD0B-D981-4AF4-8B6B-9E1F2DE36B84}.Debug|x86.ActiveCfg = Debug|x86
		{C551CD0B-D981-4AF4-8B6B-9E1F2DE36B84}.Debug|x86.Build.0 = Debug|x86
		{C551CD0B-D981-4AF4-8B6B-9E1F2DE36B84}.Debug|x86.Deploy.0 = Debug|x86
		{C551CD0B-D981-4AF4-8B6B-9E1F2DE36B84}.Release|Any CPU.ActiveCfg = Release|x86
		{C551CD0B-D981-4AF4-8B6B-9E1F2DE36B84}.Release|ARM.ActiveCfg = Release|ARM
		{C551CD0B-D981-4AF4-8B6B-9E1F2DE36B84}.Release|ARM.Build.0 = Release|ARM
		{C551CD0B-D981-4AF4-8B6B-9E1F2DE36B84}.Release|ARM.Deploy.0 = Release|ARM
		{C551CD0B-D981-4AF4-8B6B-9E1F2DE36B84}.Release|ARM64.ActiveCfg = Release|ARM64
		{C551CD0B-D981-4AF4-8B6B-9E1F2DE36B84}.Release|ARM64.Build.0 = Release|ARM64
		{C551CD0B-D981-4AF4-8B6B-9E1F2DE36B84}.Release|ARM64.Deploy.0 = Release|ARM64
		{C551CD0B-D981-4AF4-8B6B-9E1F2DE36B84}.Release|x64.ActiveCfg = Release|x64
		{C551CD0B-D981-4AF4-8B6B-9E1F2DE36B84}.Release|x64.Build.0 = Release|x64
		{C551CD0B-D981-4AF4-8B6B-9E1F2DE36B84}.Release|x64.Deploy.0 = Release|x64
		{C551CD0B-D981-4AF4-8B6B-9E1F2DE36B84}.Release|x86.ActiveCfg = Release|x86
		{C551CD0B-D981-4AF4-8B6B-9E1F2DE36B84}.Release|x86.Build.0 = Release|x86
		{C551CD0B-D981-4AF4-8B6B-9E1F2DE36B84}.Release|x86.Deploy.0 = Release|x86
		{D3956872-64CF-490D-AE0D-8FC84A93A15E}.Debug|Any CPU.ActiveCfg = Debug|Any CPU
		{D3956872-64CF-490D-AE0D-8FC84A93A15E}.Debug|Any CPU.Build.0 = Debug|Any CPU
		{D3956872-64CF-490D-AE0D-8FC84A93A15E}.Debug|ARM.ActiveCfg = Debug|ARM
		{D3956872-64CF-490D-AE0D-8FC84A93A15E}.Debug|ARM.Build.0 = Debug|ARM
		{D3956872-64CF-490D-AE0D-8FC84A93A15E}.Debug|ARM64.ActiveCfg = Debug|ARM64
		{D3956872-64CF-490D-AE0D-8FC84A93A15E}.Debug|ARM64.Build.0 = Debug|ARM64
		{D3956872-64CF-490D-AE0D-8FC84A93A15E}.Debug|x64.ActiveCfg = Debug|x64
		{D3956872-64CF-490D-AE0D-8FC84A93A15E}.Debug|x64.Build.0 = Debug|x64
		{D3956872-64CF-490D-AE0D-8FC84A93A15E}.Debug|x86.ActiveCfg = Debug|x86
		{D3956872-64CF-490D-AE0D-8FC84A93A15E}.Debug|x86.Build.0 = Debug|x86
		{D3956872-64CF-490D-AE0D-8FC84A93A15E}.Release|Any CPU.ActiveCfg = Release|Any CPU
		{D3956872-64CF-490D-AE0D-8FC84A93A15E}.Release|Any CPU.Build.0 = Release|Any CPU
		{D3956872-64CF-490D-AE0D-8FC84A93A15E}.Release|ARM.ActiveCfg = Release|ARM
		{D3956872-64CF-490D-AE0D-8FC84A93A15E}.Release|ARM.Build.0 = Release|ARM
		{D3956872-64CF-490D-AE0D-8FC84A93A15E}.Release|ARM64.ActiveCfg = Release|ARM64
		{D3956872-64CF-490D-AE0D-8FC84A93A15E}.Release|ARM64.Build.0 = Release|ARM64
		{D3956872-64CF-490D-AE0D-8FC84A93A15E}.Release|x64.ActiveCfg = Release|x64
		{D3956872-64CF-490D-AE0D-8FC84A93A15E}.Release|x64.Build.0 = Release|x64
		{D3956872-64CF-490D-AE0D-8FC84A93A15E}.Release|x86.ActiveCfg = Release|x86
		{D3956872-64CF-490D-AE0D-8FC84A93A15E}.Release|x86.Build.0 = Release|x86
		{334BBF95-EB3C-4B93-8157-86D6E3100B83}.Debug|Any CPU.ActiveCfg = Debug|Any CPU
		{334BBF95-EB3C-4B93-8157-86D6E3100B83}.Debug|Any CPU.Build.0 = Debug|Any CPU
		{334BBF95-EB3C-4B93-8157-86D6E3100B83}.Debug|Any CPU.Deploy.0 = Debug|Any CPU
		{334BBF95-EB3C-4B93-8157-86D6E3100B83}.Debug|ARM.ActiveCfg = Debug|ARM
		{334BBF95-EB3C-4B93-8157-86D6E3100B83}.Debug|ARM.Build.0 = Debug|ARM
		{334BBF95-EB3C-4B93-8157-86D6E3100B83}.Debug|ARM.Deploy.0 = Debug|ARM
		{334BBF95-EB3C-4B93-8157-86D6E3100B83}.Debug|ARM64.ActiveCfg = Debug|ARM64
		{334BBF95-EB3C-4B93-8157-86D6E3100B83}.Debug|ARM64.Build.0 = Debug|ARM64
		{334BBF95-EB3C-4B93-8157-86D6E3100B83}.Debug|ARM64.Deploy.0 = Debug|ARM64
		{334BBF95-EB3C-4B93-8157-86D6E3100B83}.Debug|x64.ActiveCfg = Debug|x64
		{334BBF95-EB3C-4B93-8157-86D6E3100B83}.Debug|x64.Build.0 = Debug|x64
		{334BBF95-EB3C-4B93-8157-86D6E3100B83}.Debug|x64.Deploy.0 = Debug|x64
		{334BBF95-EB3C-4B93-8157-86D6E3100B83}.Debug|x86.ActiveCfg = Debug|x86
		{334BBF95-EB3C-4B93-8157-86D6E3100B83}.Debug|x86.Build.0 = Debug|x86
		{334BBF95-EB3C-4B93-8157-86D6E3100B83}.Debug|x86.Deploy.0 = Debug|x86
		{334BBF95-EB3C-4B93-8157-86D6E3100B83}.Release|Any CPU.ActiveCfg = Release|Any CPU
		{334BBF95-EB3C-4B93-8157-86D6E3100B83}.Release|Any CPU.Build.0 = Release|Any CPU
		{334BBF95-EB3C-4B93-8157-86D6E3100B83}.Release|Any CPU.Deploy.0 = Release|Any CPU
		{334BBF95-EB3C-4B93-8157-86D6E3100B83}.Release|ARM.ActiveCfg = Release|ARM
		{334BBF95-EB3C-4B93-8157-86D6E3100B83}.Release|ARM.Build.0 = Release|ARM
		{334BBF95-EB3C-4B93-8157-86D6E3100B83}.Release|ARM.Deploy.0 = Release|ARM
		{334BBF95-EB3C-4B93-8157-86D6E3100B83}.Release|ARM64.ActiveCfg = Release|ARM64
		{334BBF95-EB3C-4B93-8157-86D6E3100B83}.Release|ARM64.Build.0 = Release|ARM64
		{334BBF95-EB3C-4B93-8157-86D6E3100B83}.Release|ARM64.Deploy.0 = Release|ARM64
		{334BBF95-EB3C-4B93-8157-86D6E3100B83}.Release|x64.ActiveCfg = Release|x64
		{334BBF95-EB3C-4B93-8157-86D6E3100B83}.Release|x64.Build.0 = Release|x64
		{334BBF95-EB3C-4B93-8157-86D6E3100B83}.Release|x64.Deploy.0 = Release|x64
		{334BBF95-EB3C-4B93-8157-86D6E3100B83}.Release|x86.ActiveCfg = Release|x86
		{334BBF95-EB3C-4B93-8157-86D6E3100B83}.Release|x86.Build.0 = Release|x86
		{334BBF95-EB3C-4B93-8157-86D6E3100B83}.Release|x86.Deploy.0 = Release|x86
		{C1B98913-67D7-455F-A837-5E312FCE773C}.Debug|Any CPU.ActiveCfg = Debug|Any CPU
		{C1B98913-67D7-455F-A837-5E312FCE773C}.Debug|Any CPU.Build.0 = Debug|Any CPU
		{C1B98913-67D7-455F-A837-5E312FCE773C}.Debug|ARM.ActiveCfg = Debug|Any CPU
		{C1B98913-67D7-455F-A837-5E312FCE773C}.Debug|ARM.Build.0 = Debug|Any CPU
		{C1B98913-67D7-455F-A837-5E312FCE773C}.Debug|ARM64.ActiveCfg = Debug|Any CPU
		{C1B98913-67D7-455F-A837-5E312FCE773C}.Debug|ARM64.Build.0 = Debug|Any CPU
		{C1B98913-67D7-455F-A837-5E312FCE773C}.Debug|x64.ActiveCfg = Debug|Any CPU
		{C1B98913-67D7-455F-A837-5E312FCE773C}.Debug|x64.Build.0 = Debug|Any CPU
		{C1B98913-67D7-455F-A837-5E312FCE773C}.Debug|x86.ActiveCfg = Debug|Any CPU
		{C1B98913-67D7-455F-A837-5E312FCE773C}.Debug|x86.Build.0 = Debug|Any CPU
		{C1B98913-67D7-455F-A837-5E312FCE773C}.Release|Any CPU.ActiveCfg = Release|Any CPU
		{C1B98913-67D7-455F-A837-5E312FCE773C}.Release|Any CPU.Build.0 = Release|Any CPU
		{C1B98913-67D7-455F-A837-5E312FCE773C}.Release|ARM.ActiveCfg = Release|Any CPU
		{C1B98913-67D7-455F-A837-5E312FCE773C}.Release|ARM.Build.0 = Release|Any CPU
		{C1B98913-67D7-455F-A837-5E312FCE773C}.Release|ARM64.ActiveCfg = Release|Any CPU
		{C1B98913-67D7-455F-A837-5E312FCE773C}.Release|ARM64.Build.0 = Release|Any CPU
		{C1B98913-67D7-455F-A837-5E312FCE773C}.Release|x64.ActiveCfg = Release|Any CPU
		{C1B98913-67D7-455F-A837-5E312FCE773C}.Release|x64.Build.0 = Release|Any CPU
		{C1B98913-67D7-455F-A837-5E312FCE773C}.Release|x86.ActiveCfg = Release|Any CPU
		{C1B98913-67D7-455F-A837-5E312FCE773C}.Release|x86.Build.0 = Release|Any CPU
		{043D9F41-3261-453B-BCB9-E6921B67E4B5}.Debug|Any CPU.ActiveCfg = Debug|Any CPU
		{043D9F41-3261-453B-BCB9-E6921B67E4B5}.Debug|Any CPU.Build.0 = Debug|Any CPU
		{043D9F41-3261-453B-BCB9-E6921B67E4B5}.Debug|ARM.ActiveCfg = Debug|Any CPU
		{043D9F41-3261-453B-BCB9-E6921B67E4B5}.Debug|ARM.Build.0 = Debug|Any CPU
		{043D9F41-3261-453B-BCB9-E6921B67E4B5}.Debug|ARM64.ActiveCfg = Debug|Any CPU
		{043D9F41-3261-453B-BCB9-E6921B67E4B5}.Debug|ARM64.Build.0 = Debug|Any CPU
		{043D9F41-3261-453B-BCB9-E6921B67E4B5}.Debug|x64.ActiveCfg = Debug|Any CPU
		{043D9F41-3261-453B-BCB9-E6921B67E4B5}.Debug|x64.Build.0 = Debug|Any CPU
		{043D9F41-3261-453B-BCB9-E6921B67E4B5}.Debug|x86.ActiveCfg = Debug|Any CPU
		{043D9F41-3261-453B-BCB9-E6921B67E4B5}.Debug|x86.Build.0 = Debug|Any CPU
		{043D9F41-3261-453B-BCB9-E6921B67E4B5}.Release|Any CPU.ActiveCfg = Release|Any CPU
		{043D9F41-3261-453B-BCB9-E6921B67E4B5}.Release|Any CPU.Build.0 = Release|Any CPU
		{043D9F41-3261-453B-BCB9-E6921B67E4B5}.Release|ARM.ActiveCfg = Release|Any CPU
		{043D9F41-3261-453B-BCB9-E6921B67E4B5}.Release|ARM.Build.0 = Release|Any CPU
		{043D9F41-3261-453B-BCB9-E6921B67E4B5}.Release|ARM64.ActiveCfg = Release|Any CPU
		{043D9F41-3261-453B-BCB9-E6921B67E4B5}.Release|ARM64.Build.0 = Release|Any CPU
		{043D9F41-3261-453B-BCB9-E6921B67E4B5}.Release|x64.ActiveCfg = Release|Any CPU
		{043D9F41-3261-453B-BCB9-E6921B67E4B5}.Release|x64.Build.0 = Release|Any CPU
		{043D9F41-3261-453B-BCB9-E6921B67E4B5}.Release|x86.ActiveCfg = Release|Any CPU
		{043D9F41-3261-453B-BCB9-E6921B67E4B5}.Release|x86.Build.0 = Release|Any CPU
		{E9D5574F-DD24-4DC1-9993-673CD9AACE84}.Debug|Any CPU.ActiveCfg = Debug|Any CPU
		{E9D5574F-DD24-4DC1-9993-673CD9AACE84}.Debug|Any CPU.Build.0 = Debug|Any CPU
		{E9D5574F-DD24-4DC1-9993-673CD9AACE84}.Debug|ARM.ActiveCfg = Debug|Any CPU
		{E9D5574F-DD24-4DC1-9993-673CD9AACE84}.Debug|ARM.Build.0 = Debug|Any CPU
		{E9D5574F-DD24-4DC1-9993-673CD9AACE84}.Debug|ARM64.ActiveCfg = Debug|Any CPU
		{E9D5574F-DD24-4DC1-9993-673CD9AACE84}.Debug|ARM64.Build.0 = Debug|Any CPU
		{E9D5574F-DD24-4DC1-9993-673CD9AACE84}.Debug|x64.ActiveCfg = Debug|Any CPU
		{E9D5574F-DD24-4DC1-9993-673CD9AACE84}.Debug|x64.Build.0 = Debug|Any CPU
		{E9D5574F-DD24-4DC1-9993-673CD9AACE84}.Debug|x86.ActiveCfg = Debug|Any CPU
		{E9D5574F-DD24-4DC1-9993-673CD9AACE84}.Debug|x86.Build.0 = Debug|Any CPU
		{E9D5574F-DD24-4DC1-9993-673CD9AACE84}.Release|Any CPU.ActiveCfg = Release|Any CPU
		{E9D5574F-DD24-4DC1-9993-673CD9AACE84}.Release|Any CPU.Build.0 = Release|Any CPU
		{E9D5574F-DD24-4DC1-9993-673CD9AACE84}.Release|ARM.ActiveCfg = Release|Any CPU
		{E9D5574F-DD24-4DC1-9993-673CD9AACE84}.Release|ARM.Build.0 = Release|Any CPU
		{E9D5574F-DD24-4DC1-9993-673CD9AACE84}.Release|ARM64.ActiveCfg = Release|Any CPU
		{E9D5574F-DD24-4DC1-9993-673CD9AACE84}.Release|ARM64.Build.0 = Release|Any CPU
		{E9D5574F-DD24-4DC1-9993-673CD9AACE84}.Release|x64.ActiveCfg = Release|Any CPU
		{E9D5574F-DD24-4DC1-9993-673CD9AACE84}.Release|x64.Build.0 = Release|Any CPU
		{E9D5574F-DD24-4DC1-9993-673CD9AACE84}.Release|x86.ActiveCfg = Release|Any CPU
		{E9D5574F-DD24-4DC1-9993-673CD9AACE84}.Release|x86.Build.0 = Release|Any CPU
		{0BAA774B-689C-404D-96A4-79D052722B18}.Debug|Any CPU.ActiveCfg = Debug|Any CPU
		{0BAA774B-689C-404D-96A4-79D052722B18}.Debug|Any CPU.Build.0 = Debug|Any CPU
		{0BAA774B-689C-404D-96A4-79D052722B18}.Debug|ARM.ActiveCfg = Debug|Any CPU
		{0BAA774B-689C-404D-96A4-79D052722B18}.Debug|ARM.Build.0 = Debug|Any CPU
		{0BAA774B-689C-404D-96A4-79D052722B18}.Debug|ARM64.ActiveCfg = Debug|Any CPU
		{0BAA774B-689C-404D-96A4-79D052722B18}.Debug|ARM64.Build.0 = Debug|Any CPU
		{0BAA774B-689C-404D-96A4-79D052722B18}.Debug|x64.ActiveCfg = Debug|Any CPU
		{0BAA774B-689C-404D-96A4-79D052722B18}.Debug|x64.Build.0 = Debug|Any CPU
		{0BAA774B-689C-404D-96A4-79D052722B18}.Debug|x86.ActiveCfg = Debug|Any CPU
		{0BAA774B-689C-404D-96A4-79D052722B18}.Debug|x86.Build.0 = Debug|Any CPU
		{0BAA774B-689C-404D-96A4-79D052722B18}.Release|Any CPU.ActiveCfg = Release|Any CPU
		{0BAA774B-689C-404D-96A4-79D052722B18}.Release|Any CPU.Build.0 = Release|Any CPU
		{0BAA774B-689C-404D-96A4-79D052722B18}.Release|ARM.ActiveCfg = Release|Any CPU
		{0BAA774B-689C-404D-96A4-79D052722B18}.Release|ARM.Build.0 = Release|Any CPU
		{0BAA774B-689C-404D-96A4-79D052722B18}.Release|ARM64.ActiveCfg = Release|Any CPU
		{0BAA774B-689C-404D-96A4-79D052722B18}.Release|ARM64.Build.0 = Release|Any CPU
		{0BAA774B-689C-404D-96A4-79D052722B18}.Release|x64.ActiveCfg = Release|Any CPU
		{0BAA774B-689C-404D-96A4-79D052722B18}.Release|x64.Build.0 = Release|Any CPU
		{0BAA774B-689C-404D-96A4-79D052722B18}.Release|x86.ActiveCfg = Release|Any CPU
		{0BAA774B-689C-404D-96A4-79D052722B18}.Release|x86.Build.0 = Release|Any CPU
		{C3B03684-206C-4ABA-98BA-41A070DB2AA6}.Debug|Any CPU.ActiveCfg = Debug|Any CPU
		{C3B03684-206C-4ABA-98BA-41A070DB2AA6}.Debug|Any CPU.Build.0 = Debug|Any CPU
		{C3B03684-206C-4ABA-98BA-41A070DB2AA6}.Debug|ARM.ActiveCfg = Debug|Any CPU
		{C3B03684-206C-4ABA-98BA-41A070DB2AA6}.Debug|ARM.Build.0 = Debug|Any CPU
		{C3B03684-206C-4ABA-98BA-41A070DB2AA6}.Debug|ARM64.ActiveCfg = Debug|Any CPU
		{C3B03684-206C-4ABA-98BA-41A070DB2AA6}.Debug|ARM64.Build.0 = Debug|Any CPU
		{C3B03684-206C-4ABA-98BA-41A070DB2AA6}.Debug|x64.ActiveCfg = Debug|Any CPU
		{C3B03684-206C-4ABA-98BA-41A070DB2AA6}.Debug|x64.Build.0 = Debug|Any CPU
		{C3B03684-206C-4ABA-98BA-41A070DB2AA6}.Debug|x86.ActiveCfg = Debug|Any CPU
		{C3B03684-206C-4ABA-98BA-41A070DB2AA6}.Debug|x86.Build.0 = Debug|Any CPU
		{C3B03684-206C-4ABA-98BA-41A070DB2AA6}.Release|Any CPU.ActiveCfg = Release|Any CPU
		{C3B03684-206C-4ABA-98BA-41A070DB2AA6}.Release|Any CPU.Build.0 = Release|Any CPU
		{C3B03684-206C-4ABA-98BA-41A070DB2AA6}.Release|ARM.ActiveCfg = Release|Any CPU
		{C3B03684-206C-4ABA-98BA-41A070DB2AA6}.Release|ARM.Build.0 = Release|Any CPU
		{C3B03684-206C-4ABA-98BA-41A070DB2AA6}.Release|ARM64.ActiveCfg = Release|Any CPU
		{C3B03684-206C-4ABA-98BA-41A070DB2AA6}.Release|ARM64.Build.0 = Release|Any CPU
		{C3B03684-206C-4ABA-98BA-41A070DB2AA6}.Release|x64.ActiveCfg = Release|Any CPU
		{C3B03684-206C-4ABA-98BA-41A070DB2AA6}.Release|x64.Build.0 = Release|Any CPU
		{C3B03684-206C-4ABA-98BA-41A070DB2AA6}.Release|x86.ActiveCfg = Release|Any CPU
		{C3B03684-206C-4ABA-98BA-41A070DB2AA6}.Release|x86.Build.0 = Release|Any CPU
		{CC18DDAF-63AE-4EA0-847A-A0862097A5E5}.Debug|Any CPU.ActiveCfg = Debug|Any CPU
		{CC18DDAF-63AE-4EA0-847A-A0862097A5E5}.Debug|Any CPU.Build.0 = Debug|Any CPU
		{CC18DDAF-63AE-4EA0-847A-A0862097A5E5}.Debug|Any CPU.Deploy.0 = Debug|Any CPU
		{CC18DDAF-63AE-4EA0-847A-A0862097A5E5}.Debug|ARM.ActiveCfg = Debug|ARM
		{CC18DDAF-63AE-4EA0-847A-A0862097A5E5}.Debug|ARM.Build.0 = Debug|ARM
		{CC18DDAF-63AE-4EA0-847A-A0862097A5E5}.Debug|ARM.Deploy.0 = Debug|ARM
		{CC18DDAF-63AE-4EA0-847A-A0862097A5E5}.Debug|ARM64.ActiveCfg = Debug|ARM64
		{CC18DDAF-63AE-4EA0-847A-A0862097A5E5}.Debug|ARM64.Build.0 = Debug|ARM64
		{CC18DDAF-63AE-4EA0-847A-A0862097A5E5}.Debug|ARM64.Deploy.0 = Debug|ARM64
		{CC18DDAF-63AE-4EA0-847A-A0862097A5E5}.Debug|x64.ActiveCfg = Debug|x64
		{CC18DDAF-63AE-4EA0-847A-A0862097A5E5}.Debug|x64.Build.0 = Debug|x64
		{CC18DDAF-63AE-4EA0-847A-A0862097A5E5}.Debug|x64.Deploy.0 = Debug|x64
		{CC18DDAF-63AE-4EA0-847A-A0862097A5E5}.Debug|x86.ActiveCfg = Debug|x86
		{CC18DDAF-63AE-4EA0-847A-A0862097A5E5}.Debug|x86.Build.0 = Debug|x86
		{CC18DDAF-63AE-4EA0-847A-A0862097A5E5}.Debug|x86.Deploy.0 = Debug|x86
		{CC18DDAF-63AE-4EA0-847A-A0862097A5E5}.Release|Any CPU.ActiveCfg = Release|Any CPU
		{CC18DDAF-63AE-4EA0-847A-A0862097A5E5}.Release|Any CPU.Build.0 = Release|Any CPU
		{CC18DDAF-63AE-4EA0-847A-A0862097A5E5}.Release|Any CPU.Deploy.0 = Release|Any CPU
		{CC18DDAF-63AE-4EA0-847A-A0862097A5E5}.Release|ARM.ActiveCfg = Release|ARM
		{CC18DDAF-63AE-4EA0-847A-A0862097A5E5}.Release|ARM.Build.0 = Release|ARM
		{CC18DDAF-63AE-4EA0-847A-A0862097A5E5}.Release|ARM.Deploy.0 = Release|ARM
		{CC18DDAF-63AE-4EA0-847A-A0862097A5E5}.Release|ARM64.ActiveCfg = Release|ARM64
		{CC18DDAF-63AE-4EA0-847A-A0862097A5E5}.Release|ARM64.Build.0 = Release|ARM64
		{CC18DDAF-63AE-4EA0-847A-A0862097A5E5}.Release|ARM64.Deploy.0 = Release|ARM64
		{CC18DDAF-63AE-4EA0-847A-A0862097A5E5}.Release|x64.ActiveCfg = Release|x64
		{CC18DDAF-63AE-4EA0-847A-A0862097A5E5}.Release|x64.Build.0 = Release|x64
		{CC18DDAF-63AE-4EA0-847A-A0862097A5E5}.Release|x64.Deploy.0 = Release|x64
		{CC18DDAF-63AE-4EA0-847A-A0862097A5E5}.Release|x86.ActiveCfg = Release|x86
		{CC18DDAF-63AE-4EA0-847A-A0862097A5E5}.Release|x86.Build.0 = Release|x86
		{CC18DDAF-63AE-4EA0-847A-A0862097A5E5}.Release|x86.Deploy.0 = Release|x86
	EndGlobalSection
	GlobalSection(SolutionProperties) = preSolution
		HideSolutionNode = FALSE
	EndGlobalSection
	GlobalSection(ExtensibilityGlobals) = postSolution
		SolutionGuid = {52F44FE3-6880-435C-90D4-DB743D7B7614}
	EndGlobalSection
EndGlobal
